
Microsoft Visual Studio Solution File, Format Version 12.00
# Visual Studio Version 16
VisualStudioVersion = 16.0.32106.194
MinimumVisualStudioVersion = 10.0.40219.1
Project("{FAE04EC0-301F-11D3-BF4B-00C04F79EFBC}") = "BD", "BD.csproj", "{95C7A923-8620-4A9A-B64F-3CCA283837ED}"
EndProject
Global
	GlobalSection(SolutionConfigurationPlatforms) = preSolution
		Debug|Any CPU = Debug|Any CPU
		Release|Any CPU = Release|Any CPU
	EndGlobalSection
	GlobalSection(ProjectConfigurationPlatforms) = postSolution
		{95C7A923-8620-4A9A-B64F-3CCA283837ED}.Debug|Any CPU.ActiveCfg = Debug|Any CPU
		{95C7A923-8620-4A9A-B64F-3CCA283837ED}.Debug|Any CPU.Build.0 = Debug|Any CPU
		{95C7A923-8620-4A9A-B64F-3CCA283837ED}.Release|Any CPU.ActiveCfg = Release|Any CPU
		{95C7A923-8620-4A9A-B64F-3CCA283837ED}.Release|Any CPU.Build.0 = Release|Any CPU
	EndGlobalSection
	GlobalSection(SolutionProperties) = preSolution
		HideSolutionNode = FALSE
	EndGlobalSection
	GlobalSection(ExtensibilityGlobals) = postSolution
		SolutionGuid = {BE43862A-28A6-4E88-9893-7C47B9FA49BF}
	EndGlobalSection
EndGlobal
